uuid: 67cd7a7d-53b7-4e27-b672-8350a0228b06
langcode: en
status: true
dependencies:
  module:
    - drupal_itm_demos
  theme:
    - drupalitm
id: drupalitm_informationblock
theme: drupalitm
region: sidebar_first
weight: -6
provider: null
plugin: information_block
settings:
  id: information_block
  label: 'Information block'
  provider: drupal_itm_demos
  label_display: visible
visibility: {  }
