uuid: 3eae2399-0f69-4e44-bf7a-e07a0b4ff4b4
langcode: en
status: true
dependencies:
  module:
    - drupal_itm_demos
  theme:
    - demo_theme
id: demo_theme_subscribeblock
theme: demo_theme
region: sidebar_first
weight: 0
provider: null
plugin: subscribe_block
settings:
  id: subscribe_block
  label: 'Subscribe block'
  provider: drupal_itm_demos
  label_display: '0'
visibility: {  }
